
Microsoft Visual Studio Solution File, Format Version 12.00
# Visual Studio 14
VisualStudioVersion = 14.0.25420.1
MinimumVisualStudioVersion = 10.0.40219.1
Project("{8BB2217D-0F2D-49D1-97BC-3654ED321F3B}") = "DependencyInjection", "DependencyInjection\DependencyInjection.xproj", "{0A12C715-C885-4738-810C-6D16D689508A}"
EndProject
Project("{8BB2217D-0F2D-49D1-97BC-3654ED321F3B}") = "ConfigurationManagement", "ConfigurationManagement\ConfigurationManagement.xproj", "{E4C4075F-1839-4094-A7C6-5A6E9CDD1420}"
EndProject
Project("{2150E333-8FDC-42A3-9474-1A3956D46DE8}") = "Solution Items", "Solution Items", "{32FB60D0-4D1C-4A15-A428-BDBF929BBC6D}"
	ProjectSection(SolutionItems) = preProject
		GitCommands.txt = GitCommands.txt
		global.json = global.json
	EndProjectSection
EndProject
Project("{8BB2217D-0F2D-49D1-97BC-3654ED321F3B}") = "Middleware", "Middleware\Middleware.xproj", "{7472FBDF-EDA4-4058-BF50-FF5486BC347C}"
EndProject
Project("{8BB2217D-0F2D-49D1-97BC-3654ED321F3B}") = "StaticFiles", "StaticFiles\StaticFiles.xproj", "{AA83730E-903F-4682-BA26-8A83BACB9FB7}"
EndProject
Project("{8BB2217D-0F2D-49D1-97BC-3654ED321F3B}") = "Environment", "Environment\Environment.xproj", "{43A4EBB0-A6B2-4321-9A33-D699D8F655F3}"
EndProject
Global
	GlobalSection(SolutionConfigurationPlatforms) = preSolution
		Debug|Any CPU = Debug|Any CPU
		Release|Any CPU = Release|Any CPU
	EndGlobalSection
	GlobalSection(ProjectConfigurationPlatforms) = postSolution
		{0A12C715-C885-4738-810C-6D16D689508A}.Debug|Any CPU.ActiveCfg = Debug|Any CPU
		{0A12C715-C885-4738-810C-6D16D689508A}.Debug|Any CPU.Build.0 = Debug|Any CPU
		{0A12C715-C885-4738-810C-6D16D689508A}.Release|Any CPU.ActiveCfg = Release|Any CPU
		{0A12C715-C885-4738-810C-6D16D689508A}.Release|Any CPU.Build.0 = Release|Any CPU
		{E4C4075F-1839-4094-A7C6-5A6E9CDD1420}.Debug|Any CPU.ActiveCfg = Debug|Any CPU
		{E4C4075F-1839-4094-A7C6-5A6E9CDD1420}.Debug|Any CPU.Build.0 = Debug|Any CPU
		{E4C4075F-1839-4094-A7C6-5A6E9CDD1420}.Release|Any CPU.ActiveCfg = Release|Any CPU
		{E4C4075F-1839-4094-A7C6-5A6E9CDD1420}.Release|Any CPU.Build.0 = Release|Any CPU
		{7472FBDF-EDA4-4058-BF50-FF5486BC347C}.Debug|Any CPU.ActiveCfg = Debug|Any CPU
		{7472FBDF-EDA4-4058-BF50-FF5486BC347C}.Debug|Any CPU.Build.0 = Debug|Any CPU
		{7472FBDF-EDA4-4058-BF50-FF5486BC347C}.Release|Any CPU.ActiveCfg = Release|Any CPU
		{7472FBDF-EDA4-4058-BF50-FF5486BC347C}.Release|Any CPU.Build.0 = Release|Any CPU
		{AA83730E-903F-4682-BA26-8A83BACB9FB7}.Debug|Any CPU.ActiveCfg = Debug|Any CPU
		{AA83730E-903F-4682-BA26-8A83BACB9FB7}.Debug|Any CPU.Build.0 = Debug|Any CPU
		{AA83730E-903F-4682-BA26-8A83BACB9FB7}.Release|Any CPU.ActiveCfg = Release|Any CPU
		{AA83730E-903F-4682-BA26-8A83BACB9FB7}.Release|Any CPU.Build.0 = Release|Any CPU
		{43A4EBB0-A6B2-4321-9A33-D699D8F655F3}.Debug|Any CPU.ActiveCfg = Debug|Any CPU
		{43A4EBB0-A6B2-4321-9A33-D699D8F655F3}.Debug|Any CPU.Build.0 = Debug|Any CPU
		{43A4EBB0-A6B2-4321-9A33-D699D8F655F3}.Release|Any CPU.ActiveCfg = Release|Any CPU
		{43A4EBB0-A6B2-4321-9A33-D699D8F655F3}.Release|Any CPU.Build.0 = Release|Any CPU
	EndGlobalSection
	GlobalSection(SolutionProperties) = preSolution
		HideSolutionNode = FALSE
	EndGlobalSection
EndGlobal
